
Microsoft Visual Studio Solution File, Format Version 12.00
# Visual Studio Version 16
VisualStudioVersion = 16.0.31005.135
MinimumVisualStudioVersion = 10.0.40219.1
Project("{FAE04EC0-301F-11D3-BF4B-00C04F79EFBC}") = "BandApp", "BandApp\BandApp.csproj", "{F676BA36-4CB2-4E57-B8B9-43C77262076F}"
EndProject
Global
	GlobalSection(SolutionConfigurationPlatforms) = preSolution
		Debug|Any CPU = Debug|Any CPU
		Release|Any CPU = Release|Any CPU
	EndGlobalSection
	GlobalSection(ProjectConfigurationPlatforms) = postSolution
		{F676BA36-4CB2-4E57-B8B9-43C77262076F}.Debug|Any CPU.ActiveCfg = Debug|Any CPU
		{F676BA36-4CB2-4E57-B8B9-43C77262076F}.Debug|Any CPU.Build.0 = Debug|Any CPU
		{F676BA36-4CB2-4E57-B8B9-43C77262076F}.Release|Any CPU.ActiveCfg = Release|Any CPU
		{F676BA36-4CB2-4E57-B8B9-43C77262076F}.Release|Any CPU.Build.0 = Release|Any CPU
	EndGlobalSection
	GlobalSection(SolutionProperties) = preSolution
		HideSolutionNode = FALSE
	EndGlobalSection
	GlobalSection(ExtensibilityGlobals) = postSolution
		SolutionGuid = {73F2132B-145C-4B43-9969-8EBCF4C446D6}
	EndGlobalSection
EndGlobal
